
Microsoft Visual Studio Solution File, Format Version 12.00
# Visual Studio 15
VisualStudioVersion = 15.0.28010.2036
MinimumVisualStudioVersion = 10.0.40219.1
Project("{8BC9CEB8-8B4A-11D0-8D11-00A0C91BC942}") = "SJP_Simulator", "SJP_Simulator\SJP_Simulator.vcxproj", "{F5B70B21-7BB4-42C7-8BC2-AD273FB5EA30}"
EndProject
Global
	GlobalSection(SolutionConfigurationPlatforms) = preSolution
		Debug|x64 = Debug|x64
		Debug|x86 = Debug|x86
		Release|x64 = Release|x64
		Release|x86 = Release|x86
	EndGlobalSection
	GlobalSection(ProjectConfigurationPlatforms) = postSolution
		{F5B70B21-7BB4-42C7-8BC2-AD273FB5EA30}.Debug|x64.ActiveCfg = Debug|x64
		{F5B70B21-7BB4-42C7-8BC2-AD273FB5EA30}.Debug|x64.Build.0 = Debug|x64
		{F5B70B21-7BB4-42C7-8BC2-AD273FB5EA30}.Debug|x86.ActiveCfg = Debug|Win32
		{F5B70B21-7BB4-42C7-8BC2-AD273FB5EA30}.Debug|x86.Build.0 = Debug|Win32
		{F5B70B21-7BB4-42C7-8BC2-AD273FB5EA30}.Release|x64.ActiveCfg = Release|x64
		{F5B70B21-7BB4-42C7-8BC2-AD273FB5EA30}.Release|x64.Build.0 = Release|x64
		{F5B70B21-7BB4-42C7-8BC2-AD273FB5EA30}.Release|x86.ActiveCfg = Release|Win32
		{F5B70B21-7BB4-42C7-8BC2-AD273FB5EA30}.Release|x86.Build.0 = Release|Win32
	EndGlobalSection
	GlobalSection(SolutionProperties) = preSolution
		HideSolutionNode = FALSE
	EndGlobalSection
	GlobalSection(ExtensibilityGlobals) = postSolution
		SolutionGuid = {4951C5DB-97E3-4020-9D40-9B5CD80F1935}
	EndGlobalSection
EndGlobal
